PODS:
  - Alamofire (4.8.1)
  - PINCache (2.3)
  - PINOperation (1.1.1)
  - SnapSDK (1.2.0):
    - SnapSDK/SCSDKBitmojiKit (= 1.2.0)
    - SnapSDK/SCSDKCreativeKit (= 1.2.0)
    - SnapSDK/SCSDKLoginKit (= 1.2.0)
  - SnapSDK/SCSDKBitmojiKit (1.2.0):
    - PINCache (< 3.1, >= 2.3)
    - PINOperation (~> 1.1)
  - SnapSDK/SCSDKCreativeKit (1.2.0)
  - SnapSDK/SCSDKLoginKit (1.2.0)
  - SwiftGifOrigin (1.7.0)
  - SwiftyJSON (4.2.0)

DEPENDENCIES:
  - Alamofire
  - SnapSDK
  - SwiftGifOrigin
  - SwiftyJSON

SPEC REPOS:
  https://github.com/cocoapods/specs.git:
    - Alamofire
    - PINCache
    - PINOperation
    - SnapSDK
    - SwiftGifOrigin
    - SwiftyJSON

SPEC CHECKSUMS:
  Alamofire: 16ce2c353fb72865124ddae8a57c5942388f4f11
  PINCache: ce36ed282031b92fc7733ffe831f474ff80fddc2
  PINOperation: a6219e6fc9db9c269eb7a7b871ac193bcf400aac
  SnapSDK: ab99c79e619067da4ed60c98ea5a04a288b83dc0
  SwiftGifOrigin: fbd6cf37afcfcf97a5c3db996ddc0492e5c5c145
  SwiftyJSON: c4bcba26dd9ec7a027fc8eade48e2c911f229e96

PODFILE CHECKSUM: 9ee7bafcfa3521cb095785e2c72ecaaac0927045

COCOAPODS: 1.6.0.beta.1
